{
  "version": 4,
  "terraform_version": "1.10.5",
  "serial": 6,
  "lineage": "17a18111-67f8-9951-474c-94006fa8b9c2",
  "outputs": {
    "aws_instance_availability_zone": {
      "value": "us-west-1b",
      "type": "string"
    },
    "aws_instance_instance_type": {
      "value": "t2.micro",
      "type": "string"
    },
    "aws_instance_key_name": {
      "value": "UCSC2025",
      "type": "string"
    },
    "aws_instance_private_ip": {
      "value": "172.31.10.233",
      "type": "string"
    },
    "aws_instance_public_dns": {
      "value": "ec2-3-101-153-67.us-west-1.compute.amazonaws.com",
      "type": "string"
    },
    "aws_instance_public_ip": {
      "value": "3.101.153.67",
      "type": "string"
    },
    "aws_instance_security_groups": {
      "value": [
        "demo_sg"
      ],
      "type": [
        "set",
        "string"
      ]
    },
    "aws_instance_subnet_id": {
      "value": "subnet-0d5fad500376e7c16",
      "type": "string"
    },
    "aws_instance_tags": {
      "value": {
        "Name": "aws_ubuntu"
      },
      "type": [
        "map",
        "string"
      ]
    },
    "aws_instance_vpc_security_group_ids": {
      "value": [
        "sg-0bab8d055bdf089f2"
      ],
      "type": [
        "set",
        "string"
      ]
    },
    "ec2_instance_id": {
      "value": "i-0b017e1051f6a4631",
      "type": "string"
    }
  },
  "resources": [
    {
      "mode": "managed",
      "type": "aws_default_vpc",
      "name": "default",
      "provider": "provider[\"registry.terraform.io/hashicorp/aws\"]",
      "instances": [
        {
          "schema_version": 1,
          "attributes": {
            "arn": "arn:aws:ec2:us-west-1:692859907639:vpc/vpc-06f2111b9b531325e",
            "assign_generated_ipv6_cidr_block": false,
            "cidr_block": "172.31.0.0/16",
            "default_network_acl_id": "acl-0446adca0b7f0faa9",
            "default_route_table_id": "rtb-03c0cb980695d3a05",
            "default_security_group_id": "sg-01725fafe40093707",
            "dhcp_options_id": "dopt-08f4322474da92791",
            "enable_classiclink": false,
            "enable_classiclink_dns_support": false,
            "enable_dns_hostnames": true,
            "enable_dns_support": true,
            "existing_default_vpc": true,
            "force_destroy": false,
            "id": "vpc-06f2111b9b531325e",
            "instance_tenancy": "default",
            "ipv6_association_id": "",
            "ipv6_cidr_block": "",
            "ipv6_cidr_block_network_border_group": "",
            "ipv6_ipam_pool_id": "",
            "ipv6_netmask_length": 0,
            "main_route_table_id": "rtb-03c0cb980695d3a05",
            "owner_id": "692859907639",
            "tags": {},
            "tags_all": {}
          },
          "sensitive_attributes": [],
          "private": "eyJzY2hlbWFfdmVyc2lvbiI6IjEifQ=="
        }
      ]
    },
    {
      "mode": "managed",
      "type": "aws_instance",
      "name": "aws_ubuntu",
      "provider": "provider[\"registry.terraform.io/hashicorp/aws\"]",
      "instances": [
        {
          "schema_version": 1,
          "attributes": {
            "ami": "ami-07d2649d67dbe8900",
            "arn": "arn:aws:ec2:us-west-1:692859907639:instance/i-0b017e1051f6a4631",
            "associate_public_ip_address": true,
            "availability_zone": "us-west-1b",
            "capacity_reservation_specification": [
              {
                "capacity_reservation_preference": "open",
                "capacity_reservation_target": []
              }
            ],
            "cpu_core_count": 1,
            "cpu_threads_per_core": 1,
            "credit_specification": [
              {
                "cpu_credits": "standard"
              }
            ],
            "disable_api_termination": false,
            "ebs_block_device": [],
            "ebs_optimized": false,
            "enclave_options": [
              {
                "enabled": false
              }
            ],
            "ephemeral_block_device": [],
            "get_password_data": false,
            "hibernation": false,
            "host_id": null,
            "iam_instance_profile": "",
            "id": "i-0b017e1051f6a4631",
            "instance_initiated_shutdown_behavior": "stop",
            "instance_state": "running",
            "instance_type": "t2.micro",
            "ipv6_address_count": 0,
            "ipv6_addresses": [],
            "key_name": "UCSC2025",
            "launch_template": [],
            "maintenance_options": [
              {
                "auto_recovery": "default"
              }
            ],
            "metadata_options": [
              {
                "http_endpoint": "enabled",
                "http_put_response_hop_limit": 2,
                "http_tokens": "required",
                "instance_metadata_tags": "disabled"
              }
            ],
            "monitoring": false,
            "network_interface": [],
            "outpost_arn": "",
            "password_data": "",
            "placement_group": "",
            "placement_partition_number": null,
            "primary_network_interface_id": "eni-024eb002849eba467",
            "private_dns": "ip-172-31-10-233.us-west-1.compute.internal",
            "private_ip": "172.31.10.233",
            "public_dns": "ec2-3-101-153-67.us-west-1.compute.amazonaws.com",
            "public_ip": "3.101.153.67",
            "root_block_device": [
              {
                "delete_on_termination": true,
                "device_name": "/dev/sda1",
                "encrypted": false,
                "iops": 3000,
                "kms_key_id": "",
                "tags": {},
                "throughput": 125,
                "volume_id": "vol-0164baf67a538f516",
                "volume_size": 8,
                "volume_type": "gp3"
              }
            ],
            "secondary_private_ips": [],
            "security_groups": [
              "demo_sg"
            ],
            "source_dest_check": true,
            "subnet_id": "subnet-0d5fad500376e7c16",
            "tags": {
              "Name": "aws_ubuntu"
            },
            "tags_all": {
              "Name": "aws_ubuntu"
            },
            "tenancy": "default",
            "timeouts": null,
            "user_data": "2ac3d32ea7f13250562da6863b622ea206faed2e",
            "user_data_base64": null,
            "user_data_replace_on_change": false,
            "volume_tags": null,
            "vpc_security_group_ids": [
              "sg-0bab8d055bdf089f2"
            ]
          },
          "sensitive_attributes": [],
          "private": "eyJlMmJmYjczMC1lY2FhLTExZTYtOGY4OC0zNDM2M2JjN2M0YzAiOnsiY3JlYXRlIjo2MDAwMDAwMDAwMDAsImRlbGV0ZSI6MTIwMDAwMDAwMDAwMCwidXBkYXRlIjo2MDAwMDAwMDAwMDB9LCJzY2hlbWFfdmVyc2lvbiI6IjEifQ==",
          "dependencies": [
            "aws_default_vpc.default",
            "aws_security_group.demo_sg"
          ]
        }
      ]
    },
    {
      "mode": "managed",
      "type": "aws_security_group",
      "name": "demo_sg",
      "provider": "provider[\"registry.terraform.io/hashicorp/aws\"]",
      "instances": [
        {
          "schema_version": 1,
          "attributes": {
            "arn": "arn:aws:ec2:us-west-1:692859907639:security-group/sg-0bab8d055bdf089f2",
            "description": "allow ssh on 22 \u0026 http on port 80",
            "egress": [
              {
                "cidr_blocks": [
                  "0.0.0.0/0"
                ],
                "description": "",
                "from_port": 0,
                "ipv6_cidr_blocks": [],
                "prefix_list_ids": [],
                "protocol": "-1",
                "security_groups": [],
                "self": false,
                "to_port": 0
              }
            ],
            "id": "sg-0bab8d055bdf089f2",
            "ingress": [
              {
                "cidr_blocks": [
                  "0.0.0.0/0"
                ],
                "description": "",
                "from_port": 22,
                "ipv6_cidr_blocks": [],
                "prefix_list_ids": [],
                "protocol": "tcp",
                "security_groups": [],
                "self": false,
                "to_port": 22
              },
              {
                "cidr_blocks": [
                  "0.0.0.0/0"
                ],
                "description": "",
                "from_port": 80,
                "ipv6_cidr_blocks": [],
                "prefix_list_ids": [],
                "protocol": "tcp",
                "security_groups": [],
                "self": false,
                "to_port": 80
              }
            ],
            "name": "demo_sg",
            "name_prefix": "",
            "owner_id": "692859907639",
            "revoke_rules_on_delete": false,
            "tags": {},
            "tags_all": {},
            "timeouts": null,
            "vpc_id": "vpc-06f2111b9b531325e"
          },
          "sensitive_attributes": [],
          "private": "eyJlMmJmYjczMC1lY2FhLTExZTYtOGY4OC0zNDM2M2JjN2M0YzAiOnsiY3JlYXRlIjo2MDAwMDAwMDAwMDAsImRlbGV0ZSI6OTAwMDAwMDAwMDAwfSwic2NoZW1hX3ZlcnNpb24iOiIxIn0=",
          "dependencies": [
            "aws_default_vpc.default"
          ]
        }
      ]
    }
  ],
  "check_results": null
}
